
Microsoft Visual Studio Solution File, Format Version 12.00
# Visual Studio Version 17
VisualStudioVersion = 17.10.35027.167
MinimumVisualStudioVersion = 10.0.40219.1
Project("{2150E333-8FDC-42A3-9474-1A3956D46DE8}") = "DOC", "DOC", "{4C4EFE25-0954-4759-B302-8139ADCF08C0}"
EndProject
Project("{2150E333-8FDC-42A3-9474-1A3956D46DE8}") = "SRC", "SRC", "{E0450C9E-A3FD-4EA4-812B-5A1EC996740F}"
EndProject
Project("{2150E333-8FDC-42A3-9474-1A3956D46DE8}") = "Services", "Services", "{72081493-ABD1-4C1B-ADC7-965120973A0A}"
EndProject
Project("{2150E333-8FDC-42A3-9474-1A3956D46DE8}") = "Modules", "Modules", "{AB56E983-2A5F-414B-B9E3-20FE57DEDFF9}"
EndProject
Project("{9A19103F-16F7-4668-BE54-9A1E7A4F7556}") = "PowerLab.Services", "SRC\Services\PowerLab.Services\PowerLab.Services.csproj", "{5989C409-7144-4C84-8FF8-EC7379FC4C78}"
EndProject
Project("{9A19103F-16F7-4668-BE54-9A1E7A4F7556}") = "PowerLab.Services.Interfaces", "SRC\Services\PowerLab.Services.Interfaces\PowerLab.Services.Interfaces.csproj", "{CC58A394-D0DC-4309-9B80-87274692157D}"
EndProject
Project("{9A19103F-16F7-4668-BE54-9A1E7A4F7556}") = "PowerLab", "SRC\PowerLab\PowerLab.csproj", "{5A81E8C6-8225-4297-92C4-765431C0C7BB}"
EndProject
Project("{9A19103F-16F7-4668-BE54-9A1E7A4F7556}") = "PowerLab.Core", "SRC\PowerLab.Core\PowerLab.Core.csproj", "{EAA91372-5380-48B8-B7DD-69B26F76FBFB}"
EndProject
Project("{9A19103F-16F7-4668-BE54-9A1E7A4F7556}") = "ModuleName", "SRC\Modules\ModuleName\ModuleName.csproj", "{6046D06A-D07C-403D-A87E-DACC6C2E7DFA}"
EndProject
Project("{9A19103F-16F7-4668-BE54-9A1E7A4F7556}") = "PowerLab.UI.Core", "SRC\PowerLab.UI.Core\PowerLab.UI.Core.csproj", "{505BCFF7-D0F1-4686-8E4E-85827AD05C4A}"
EndProject
Project("{9A19103F-16F7-4668-BE54-9A1E7A4F7556}") = "PowerLab.Controls", "SRC\PowerLab.Controls\PowerLab.Controls.csproj", "{97B1C380-5AEA-4DB0-9FA9-22E522D6B649}"
EndProject
Project("{2150E333-8FDC-42A3-9474-1A3956D46DE8}") = "TEST", "TEST", "{E8B440AF-2D4C-4CD5-A2F4-51283F2BC113}"
EndProject
Project("{9A19103F-16F7-4668-BE54-9A1E7A4F7556}") = "PowerLab.Control.Tests", "TEST\PowerLab.Control.Tests\PowerLab.Control.Tests.csproj", "{0C574E77-FBB6-4E21-9044-A8A023AF68AB}"
EndProject
Global
	GlobalSection(SolutionConfigurationPlatforms) = preSolution
		Debug|Any CPU = Debug|Any CPU
		Release|Any CPU = Release|Any CPU
	EndGlobalSection
	GlobalSection(ProjectConfigurationPlatforms) = postSolution
		{5989C409-7144-4C84-8FF8-EC7379FC4C78}.Debug|Any CPU.ActiveCfg = Debug|Any CPU
		{5989C409-7144-4C84-8FF8-EC7379FC4C78}.Debug|Any CPU.Build.0 = Debug|Any CPU
		{5989C409-7144-4C84-8FF8-EC7379FC4C78}.Release|Any CPU.ActiveCfg = Release|Any CPU
		{5989C409-7144-4C84-8FF8-EC7379FC4C78}.Release|Any CPU.Build.0 = Release|Any CPU
		{CC58A394-D0DC-4309-9B80-87274692157D}.Debug|Any CPU.ActiveCfg = Debug|Any CPU
		{CC58A394-D0DC-4309-9B80-87274692157D}.Debug|Any CPU.Build.0 = Debug|Any CPU
		{CC58A394-D0DC-4309-9B80-87274692157D}.Release|Any CPU.ActiveCfg = Release|Any CPU
		{CC58A394-D0DC-4309-9B80-87274692157D}.Release|Any CPU.Build.0 = Release|Any CPU
		{5A81E8C6-8225-4297-92C4-765431C0C7BB}.Debug|Any CPU.ActiveCfg = Debug|Any CPU
		{5A81E8C6-8225-4297-92C4-765431C0C7BB}.Debug|Any CPU.Build.0 = Debug|Any CPU
		{5A81E8C6-8225-4297-92C4-765431C0C7BB}.Release|Any CPU.ActiveCfg = Release|Any CPU
		{5A81E8C6-8225-4297-92C4-765431C0C7BB}.Release|Any CPU.Build.0 = Release|Any CPU
		{EAA91372-5380-48B8-B7DD-69B26F76FBFB}.Debug|Any CPU.ActiveCfg = Debug|Any CPU
		{EAA91372-5380-48B8-B7DD-69B26F76FBFB}.Debug|Any CPU.Build.0 = Debug|Any CPU
		{EAA91372-5380-48B8-B7DD-69B26F76FBFB}.Release|Any CPU.ActiveCfg = Release|Any CPU
		{EAA91372-5380-48B8-B7DD-69B26F76FBFB}.Release|Any CPU.Build.0 = Release|Any CPU
		{6046D06A-D07C-403D-A87E-DACC6C2E7DFA}.Debug|Any CPU.ActiveCfg = Debug|Any CPU
		{6046D06A-D07C-403D-A87E-DACC6C2E7DFA}.Debug|Any CPU.Build.0 = Debug|Any CPU
		{6046D06A-D07C-403D-A87E-DACC6C2E7DFA}.Release|Any CPU.ActiveCfg = Release|Any CPU
		{6046D06A-D07C-403D-A87E-DACC6C2E7DFA}.Release|Any CPU.Build.0 = Release|Any CPU
		{505BCFF7-D0F1-4686-8E4E-85827AD05C4A}.Debug|Any CPU.ActiveCfg = Debug|Any CPU
		{505BCFF7-D0F1-4686-8E4E-85827AD05C4A}.Debug|Any CPU.Build.0 = Debug|Any CPU
		{505BCFF7-D0F1-4686-8E4E-85827AD05C4A}.Release|Any CPU.ActiveCfg = Release|Any CPU
		{505BCFF7-D0F1-4686-8E4E-85827AD05C4A}.Release|Any CPU.Build.0 = Release|Any CPU
		{97B1C380-5AEA-4DB0-9FA9-22E522D6B649}.Debug|Any CPU.ActiveCfg = Debug|Any CPU
		{97B1C380-5AEA-4DB0-9FA9-22E522D6B649}.Debug|Any CPU.Build.0 = Debug|Any CPU
		{97B1C380-5AEA-4DB0-9FA9-22E522D6B649}.Release|Any CPU.ActiveCfg = Release|Any CPU
		{97B1C380-5AEA-4DB0-9FA9-22E522D6B649}.Release|Any CPU.Build.0 = Release|Any CPU
		{0C574E77-FBB6-4E21-9044-A8A023AF68AB}.Debug|Any CPU.ActiveCfg = Debug|Any CPU
		{0C574E77-FBB6-4E21-9044-A8A023AF68AB}.Debug|Any CPU.Build.0 = Debug|Any CPU
		{0C574E77-FBB6-4E21-9044-A8A023AF68AB}.Release|Any CPU.ActiveCfg = Release|Any CPU
		{0C574E77-FBB6-4E21-9044-A8A023AF68AB}.Release|Any CPU.Build.0 = Release|Any CPU
	EndGlobalSection
	GlobalSection(SolutionProperties) = preSolution
		HideSolutionNode = FALSE
	EndGlobalSection
	GlobalSection(NestedProjects) = preSolution
		{72081493-ABD1-4C1B-ADC7-965120973A0A} = {E0450C9E-A3FD-4EA4-812B-5A1EC996740F}
		{AB56E983-2A5F-414B-B9E3-20FE57DEDFF9} = {E0450C9E-A3FD-4EA4-812B-5A1EC996740F}
		{5989C409-7144-4C84-8FF8-EC7379FC4C78} = {72081493-ABD1-4C1B-ADC7-965120973A0A}
		{CC58A394-D0DC-4309-9B80-87274692157D} = {72081493-ABD1-4C1B-ADC7-965120973A0A}
		{5A81E8C6-8225-4297-92C4-765431C0C7BB} = {E0450C9E-A3FD-4EA4-812B-5A1EC996740F}
		{EAA91372-5380-48B8-B7DD-69B26F76FBFB} = {E0450C9E-A3FD-4EA4-812B-5A1EC996740F}
		{6046D06A-D07C-403D-A87E-DACC6C2E7DFA} = {AB56E983-2A5F-414B-B9E3-20FE57DEDFF9}
		{505BCFF7-D0F1-4686-8E4E-85827AD05C4A} = {E0450C9E-A3FD-4EA4-812B-5A1EC996740F}
		{97B1C380-5AEA-4DB0-9FA9-22E522D6B649} = {E0450C9E-A3FD-4EA4-812B-5A1EC996740F}
		{0C574E77-FBB6-4E21-9044-A8A023AF68AB} = {E8B440AF-2D4C-4CD5-A2F4-51283F2BC113}
	EndGlobalSection
	GlobalSection(ExtensibilityGlobals) = postSolution
		SolutionGuid = {17F090BE-05C4-4A3B-8E16-DE06367CAF21}
	EndGlobalSection
EndGlobal
